// !$*UTF8*$!
{
	archiveVersion = 1;
	classes = {
	};
	objectVersion = 46;
	objects = {

		E625948FF447288F4985B03A = {isa = PBXBuildFile; fileRef = 9C1788BC819C5C59AF96C08A; };
		29B16B0E8166AF43B22EBC54 = {isa = PBXBuildFile; fileRef = 82670BBB07FA92AD9CBC027A; };
		5F6B541E4DE23B08A9BDCD2E = {isa = PBXBuildFile; fileRef = 0FD2591FA1D7A17A42E784A9; };
		3F88B2C363C5D2854B10E534 = {isa = PBXBuildFile; fileRef = 5639E82145038BA89B3EA24B; };
		DBDCC2323385C068D0C79D30 = {isa = PBXBuildFile; fileRef = B04282B4B11698F54BC71857; };
		0AB1D6D6E9163F0E2A7B8DCE = {isa = PBXBuildFile; fileRef = E5850AECEFC5DD19725DDACB; };
		EC48ED4B7DA96A12751B7497 = {isa = PBXBuildFile; fileRef = C6C28CC0BE277319C3BBAB35; };
		AE6ABB382E3997386CA4D143 = {isa = PBXBuildFile; fileRef = 44639C2BD0C9D7547E9D8FD4; };
		A9DDB059865E17012435D42E = {isa = PBXBuildFile; fileRef = 45B324698D3D1010C3CD2B4E; };
		FC027980E7AFBB8EB3096300 = {isa = PBXBuildFile; fileRef = 361941501B334144212DF36D; };
		A1062B19ECC5A6F644AB2881 = {isa = PBXBuildFile; fileRef = 45DD2BC0F9A177F6327302B1; };
		DA4D685FA96B9937C095BBCA = {isa = PBXBuildFile; fileRef = 7A91F20C6CC053652A965C35; };
		0521328C8214CE9F021FCB09 = {isa = PBXBuildFile; fileRef = 5122C334A0328F6DD461C3BF; };
		173E8E8850D983A0FFF694A7 = {isa = PBXBuildFile; fileRef = 99DB5C1D124B61A13977B68F; };
		C0681C18D7ABCC2A7E350211 = {isa = PBXBuildFile; fileRef = 4F57BBDA1FC18715D9E88B8D; };
		F75B7FF25F63024684AD7062 = {isa = PBXBuildFile; fileRef = A01CE13C68A19B002F23B5AB; };
		05C5F688398487A71151E0BB = {isa = PBXBuildFile; fileRef = 7BCAA9687BE7CB87B9F23252; };
		7718CCA018426B26CB6FBBDF = {isa = PBXBuildFile; fileRef = 1EA88C64BE460FBAD6E59FB5; };
		F8B6CD41E33B8179E21E8E15 = {isa = PBXBuildFile; fileRef = 845D5B8A45938F86639F2F1C; };
		4AC0DEE1DCA58C1103FB0817 = {isa = PBXBuildFile; fileRef = BD39C07DCF3FF64F5307862F; };
		74E7E2D010B520FBFABDF9FC = {isa = PBXBuildFile; fileRef = ABFB5FB51B1DAB2C15436D0D; };
		7FCD845899C7D7350ABCC26A = {isa = PBXBuildFile; fileRef = 36F6F46444379446AF2D3387; };
		AE7C006100E683336D4797AA = {isa = PBXBuildFile; fileRef = 615883B3269DF5309F17B126; };
		9E2504CED6C022B17E378721 = {isa = PBXBuildFile; fileRef = C5D096C2936AF8521DEAED8D; };
		8B6DFA3D523612E8C1FA0FE5 = {isa = PBXBuildFile; fileRef = B8A877F67570373EA2497D1E; };
		FD7B8A602D1A13C651C7F1AF = {isa = PBXBuildFile; fileRef = 715186A304CD41462E55BB62; };
		E6946A04F40022247B8E5195 = {isa = PBXBuildFile; fileRef = 7C2C7757D6A5A0B6902A3E6C; };
		6BACB13EB99AAE64F4C1F1C4 = {isa = PBXBuildFile; fileRef = 39641C04194221598D45552C; };
		D4659DBAF7DFD2BBA2ACC7BA = {isa = PBXBuildFile; fileRef = C0DAA700EE672A2322228703; };
		AD7774DB300F5C8457331EF9 = {isa = PBXBuildFile; fileRef = 52C79CFD7B35C03D0671FDAF; };
		348775539F10EC3988B80C01 = {isa = PBXBuildFile; fileRef = 13352D37A5151DD0CB9D4E25; };
		B41AB66394EEA54269DE87FB = {isa = PBXBuildFile; fileRef = 61738A7E7EAA1DA542FE5774; };
		B53E51F438171E545B448A69 = {isa = PBXBuildFile; fileRef = 51F8B0D0D51152AAE06DFA35; };
		0FD2591FA1D7A17A42E784A9 = {isa = PBXFileReference; lastKnownFileType = wrapper.framework; name = AudioToolbox.framework; path = System/Library/Frameworks/AudioToolbox.framework; sourceTree = SDKROOT; };
		1072A3C72EE2B6F81DEB2507 = {isa = PBXFileReference; lastKnownFileType = file; name = "juce_core"; path = "../../../JUCE/modules/juce_core"; sourceTree = "SOURCE_ROOT"; };
		111F52D919F057F1E4224BF9 = {isa = PBXFileReference; lastKnownFileType = file; name = "juce_data_structures"; path = "../../../JUCE/modules/juce_data_structures"; sourceTree = "SOURCE_ROOT"; };
		13352D37A5151DD0CB9D4E25 = {isa = PBXFileReference; lastKnownFileType = sourcecode.cpp.objcpp; name = "include_juce_gui_extra.mm"; path = "../../JuceLibraryCode/include_juce_gui_extra.mm"; sourceTree = "SOURCE_ROOT"; };
		1EA88C64BE460FBAD6E59FB5 = {isa = PBXFileReference; lastKnownFileType = sourcecode.cpp.cpp; name = Aspects.cpp; path = ../../Source/Aspects.cpp; sourceTree = "SOURCE_ROOT"; };
		1F57A18E99976DC4F4E7C62E = {isa = PBXFileReference; lastKnownFileType = file; name = "juce_cryptography"; path = "../../../JUCE/modules/juce_cryptography"; sourceTree = "SOURCE_ROOT"; };
		1FA85198C01453E184748142 = {isa = PBXFileReference; lastKnownFileType = text.plist.xml; name = "Info-App.plist"; path = "Info-App.plist"; sourceTree = "SOURCE_ROOT"; };
		361941501B334144212DF36D = {isa = PBXFileReference; lastKnownFileType = wrapper.framework; name = CoreMIDI.framework; path = System/Library/Frameworks/CoreMIDI.framework; sourceTree = SDKROOT; };
		36F6F46444379446AF2D3387 = {isa = PBXFileReference; lastKnownFileType = sourcecode.cpp.objcpp; name = "include_juce_audio_devices.mm"; path = "../../JuceLibraryCode/include_juce_audio_devices.mm"; sourceTree = "SOURCE_ROOT"; };
		39641C04194221598D45552C = {isa = PBXFileReference; lastKnownFileType = sourcecode.cpp.objcpp; name = "include_juce_events.mm"; path = "../../JuceLibraryCode/include_juce_events.mm"; sourceTree = "SOURCE_ROOT"; };
		3C032C0636223916A521BBE0 = {isa = PBXFileReference; lastKnownFileType = sourcecode.c.h; name = AspectWidget.h; path = ../../Source/AspectWidget.h; sourceTree = "SOURCE_ROOT"; };
		3CE89BE0DC8CB371336B372B = {isa = PBXFileReference; lastKnownFileType = file; name = "juce_audio_processors"; path = "../../../JUCE/modules/juce_audio_processors"; sourceTree = "SOURCE_ROOT"; };
		44639C2BD0C9D7547E9D8FD4 = {isa = PBXFileReference; lastKnownFileType = wrapper.framework; name = CoreAudio.framework; path = System/Library/Frameworks/CoreAudio.framework; sourceTree = SDKROOT; };
		45B324698D3D1010C3CD2B4E = {isa = PBXFileReference; lastKnownFileType = wrapper.framework; name = CoreMedia.framework; path = System/Library/Frameworks/CoreMedia.framework; sourceTree = SDKROOT; };
		45DD2BC0F9A177F6327302B1 = {isa = PBXFileReference; lastKnownFileType = wrapper.framework; name = IOKit.framework; path = System/Library/Frameworks/IOKit.framework; sourceTree = SDKROOT; };
		4F57BBDA1FC18715D9E88B8D = {isa = PBXFileReference; lastKnownFileType = file.nib; name = RecentFilesMenuTemplate.nib; path = RecentFilesMenuTemplate.nib; sourceTree = "SOURCE_ROOT"; };
		5122C334A0328F6DD461C3BF = {isa = PBXFileReference; lastKnownFileType = wrapper.framework; name = QuartzCore.framework; path = System/Library/Frameworks/QuartzCore.framework; sourceTree = SDKROOT; };
		51F8B0D0D51152AAE06DFA35 = {isa = PBXFileReference; lastKnownFileType = sourcecode.cpp.objcpp; name = "include_juce_video.mm"; path = "../../JuceLibraryCode/include_juce_video.mm"; sourceTree = "SOURCE_ROOT"; };
		52C79CFD7B35C03D0671FDAF = {isa = PBXFileReference; lastKnownFileType = sourcecode.cpp.objcpp; name = "include_juce_gui_basics.mm"; path = "../../JuceLibraryCode/include_juce_gui_basics.mm"; sourceTree = "SOURCE_ROOT"; };
		5639E82145038BA89B3EA24B = {isa = PBXFileReference; lastKnownFileType = wrapper.framework; name = AVFoundation.framework; path = System/Library/Frameworks/AVFoundation.framework; sourceTree = SDKROOT; };
		5A1F570595377F92988E51D6 = {isa = PBXFileReference; lastKnownFileType = file; name = "juce_gui_extra"; path = "../../../JUCE/modules/juce_gui_extra"; sourceTree = "SOURCE_ROOT"; };
		615883B3269DF5309F17B126 = {isa = PBXFileReference; lastKnownFileType = sourcecode.cpp.objcpp; name = "include_juce_audio_formats.mm"; path = "../../JuceLibraryCode/include_juce_audio_formats.mm"; sourceTree = "SOURCE_ROOT"; };
		61738A7E7EAA1DA542FE5774 = {isa = PBXFileReference; lastKnownFileType = sourcecode.cpp.objcpp; name = "include_juce_opengl.mm"; path = "../../JuceLibraryCode/include_juce_opengl.mm"; sourceTree = "SOURCE_ROOT"; };
		65B532F253207742736F8523 = {isa = PBXFileReference; lastKnownFileType = file; name = "juce_audio_basics"; path = "../../../JUCE/modules/juce_audio_basics"; sourceTree = "SOURCE_ROOT"; };
		6AF9FDD86495DC26A2B83ED1 = {isa = PBXFileReference; lastKnownFileType = sourcecode.c.h; name = Controls.h; path = ../../Source/Controls.h; sourceTree = "SOURCE_ROOT"; };
		715186A304CD41462E55BB62 = {isa = PBXFileReference; lastKnownFileType = sourcecode.cpp.objcpp; name = "include_juce_cryptography.mm"; path = "../../JuceLibraryCode/include_juce_cryptography.mm"; sourceTree = "SOURCE_ROOT"; };
		76C2BD7A8E99BB297CAB2142 = {isa = PBXFileReference; lastKnownFileType = sourcecode.c.h; name = MainComponent.h; path = ../../Source/MainComponent.h; sourceTree = "SOURCE_ROOT"; };
		7A91F20C6CC053652A965C35 = {isa = PBXFileReference; lastKnownFileType = wrapper.framework; name = OpenGL.framework; path = System/Library/Frameworks/OpenGL.framework; sourceTree = SDKROOT; };
		7BCAA9687BE7CB87B9F23252 = {isa = PBXFileReference; lastKnownFileType = sourcecode.cpp.cpp; name = Controls.cpp; path = ../../Source/Controls.cpp; sourceTree = "SOURCE_ROOT"; };
		7C2C7757D6A5A0B6902A3E6C = {isa = PBXFileReference; lastKnownFileType = sourcecode.cpp.objcpp; name = "include_juce_data_structures.mm"; path = "../../JuceLibraryCode/include_juce_data_structures.mm"; sourceTree = "SOURCE_ROOT"; };
		82670BBB07FA92AD9CBC027A = {isa = PBXFileReference; lastKnownFileType = wrapper.framework; name = Accelerate.framework; path = System/Library/Frameworks/Accelerate.framework; sourceTree = SDKROOT; };
		83BCD3714219A4B9120FB0BE = {isa = PBXFileReference; lastKnownFileType = file; name = "juce_audio_formats"; path = "../../../JUCE/modules/juce_audio_formats"; sourceTree = "SOURCE_ROOT"; };
		845D5B8A45938F86639F2F1C = {isa = PBXFileReference; lastKnownFileType = sourcecode.cpp.cpp; name = MainComponent.cpp; path = ../../Source/MainComponent.cpp; sourceTree = "SOURCE_ROOT"; };
		99DB5C1D124B61A13977B68F = {isa = PBXFileReference; lastKnownFileType = wrapper.framework; name = WebKit.framework; path = System/Library/Frameworks/WebKit.framework; sourceTree = SDKROOT; };
		9A3B803453C8B60F46C30F2F = {isa = PBXFileReference; lastKnownFileType = sourcecode.c.h; name = Aspects.h; path = ../../Source/Aspects.h; sourceTree = "SOURCE_ROOT"; };
		9C1788BC819C5C59AF96C08A = {isa = PBXFileReference; explicitFileType = wrapper.application; includeInIndex = 0; path = mapper.app; sourceTree = "BUILT_PRODUCTS_DIR"; };
		A01CE13C68A19B002F23B5AB = {isa = PBXFileReference; lastKnownFileType = sourcecode.cpp.cpp; name = AspectWidget.cpp; path = ../../Source/AspectWidget.cpp; sourceTree = "SOURCE_ROOT"; };
		A0E478FFF2B3A0390C24F7EE = {isa = PBXFileReference; lastKnownFileType = file; name = "juce_graphics"; path = "../../../JUCE/modules/juce_graphics"; sourceTree = "SOURCE_ROOT"; };
		A8791B3173747E8BAE7DB186 = {isa = PBXFileReference; lastKnownFileType = file; name = "juce_video"; path = "../../../JUCE/modules/juce_video"; sourceTree = "SOURCE_ROOT"; };
		ABFB5FB51B1DAB2C15436D0D = {isa = PBXFileReference; lastKnownFileType = sourcecode.cpp.objcpp; name = "include_juce_audio_basics.mm"; path = "../../JuceLibraryCode/include_juce_audio_basics.mm"; sourceTree = "SOURCE_ROOT"; };
		B04282B4B11698F54BC71857 = {isa = PBXFileReference; lastKnownFileType = wrapper.framework; name = AVKit.framework; path = System/Library/Frameworks/AVKit.framework; sourceTree = SDKROOT; };
		B4F166B972CA90973850EFE1 = {isa = PBXFileReference; lastKnownFileType = sourcecode.c.h; name = AppConfig.h; path = ../../JuceLibraryCode/AppConfig.h; sourceTree = "SOURCE_ROOT"; };
		B6A59B96B355F8B1E7647271 = {isa = PBXFileReference; lastKnownFileType = sourcecode.c.h; name = JuceHeader.h; path = ../../JuceLibraryCode/JuceHeader.h; sourceTree = "SOURCE_ROOT"; };
		B8A877F67570373EA2497D1E = {isa = PBXFileReference; lastKnownFileType = sourcecode.cpp.objcpp; name = "include_juce_core.mm"; path = "../../JuceLibraryCode/include_juce_core.mm"; sourceTree = "SOURCE_ROOT"; };
		BAF4239F9FFBB39E13043BAA = {isa = PBXFileReference; lastKnownFileType = file; name = "juce_gui_basics"; path = "../../../JUCE/modules/juce_gui_basics"; sourceTree = "SOURCE_ROOT"; };
		BD39C07DCF3FF64F5307862F = {isa = PBXFileReference; lastKnownFileType = sourcecode.cpp.cpp; name = Main.cpp; path = ../../Source/Main.cpp; sourceTree = "SOURCE_ROOT"; };
		C0DAA700EE672A2322228703 = {isa = PBXFileReference; lastKnownFileType = sourcecode.cpp.objcpp; name = "include_juce_graphics.mm"; path = "../../JuceLibraryCode/include_juce_graphics.mm"; sourceTree = "SOURCE_ROOT"; };
		C2C9F478B59946843C5973BF = {isa = PBXFileReference; lastKnownFileType = file; name = "juce_events"; path = "../../../JUCE/modules/juce_events"; sourceTree = "SOURCE_ROOT"; };
		C5D096C2936AF8521DEAED8D = {isa = PBXFileReference; lastKnownFileType = sourcecode.cpp.objcpp; name = "include_juce_audio_processors.mm"; path = "../../JuceLibraryCode/include_juce_audio_processors.mm"; sourceTree = "SOURCE_ROOT"; };
		C6C28CC0BE277319C3BBAB35 = {isa = PBXFileReference; lastKnownFileType = wrapper.framework; name = Cocoa.framework; path = System/Library/Frameworks/Cocoa.framework; sourceTree = SDKROOT; };
		DA00BEC37FB0765B83CB8242 = {isa = PBXFileReference; lastKnownFileType = file; name = "juce_opengl"; path = "../../../JUCE/modules/juce_opengl"; sourceTree = "SOURCE_ROOT"; };
		DEEA9953C039FEF9BD7E3B58 = {isa = PBXFileReference; lastKnownFileType = file; name = "juce_audio_devices"; path = "../../../JUCE/modules/juce_audio_devices"; sourceTree = "SOURCE_ROOT"; };
		E5850AECEFC5DD19725DDACB = {isa = PBXFileReference; lastKnownFileType = wrapper.framework; name = Carbon.framework; path = System/Library/Frameworks/Carbon.framework; sourceTree = SDKROOT; };
		36D517730938243B38A89C22 = {isa = PBXGroup; children = (
					A01CE13C68A19B002F23B5AB,
					3C032C0636223916A521BBE0,
					7BCAA9687BE7CB87B9F23252,
					6AF9FDD86495DC26A2B83ED1,
					1EA88C64BE460FBAD6E59FB5,
					9A3B803453C8B60F46C30F2F,
					76C2BD7A8E99BB297CAB2142,
					845D5B8A45938F86639F2F1C,
					BD39C07DCF3FF64F5307862F, ); name = Source; sourceTree = "<group>"; };
		706627EF2476109F1B3A4F29 = {isa = PBXGroup; children = (
					36D517730938243B38A89C22, ); name = mapper; sourceTree = "<group>"; };
		3BD541BD938D0CFA918FD90D = {isa = PBXGroup; children = (
					65B532F253207742736F8523,
					DEEA9953C039FEF9BD7E3B58,
					83BCD3714219A4B9120FB0BE,
					3CE89BE0DC8CB371336B372B,
					1072A3C72EE2B6F81DEB2507,
					1F57A18E99976DC4F4E7C62E,
					111F52D919F057F1E4224BF9,
					C2C9F478B59946843C5973BF,
					A0E478FFF2B3A0390C24F7EE,
					BAF4239F9FFBB39E13043BAA,
					5A1F570595377F92988E51D6,
					DA00BEC37FB0765B83CB8242,
					A8791B3173747E8BAE7DB186, ); name = "JUCE Modules"; sourceTree = "<group>"; };
		AD15C4F87EBE01DEB291C01C = {isa = PBXGroup; children = (
					B4F166B972CA90973850EFE1,
					ABFB5FB51B1DAB2C15436D0D,
					36F6F46444379446AF2D3387,
					615883B3269DF5309F17B126,
					C5D096C2936AF8521DEAED8D,
					B8A877F67570373EA2497D1E,
					715186A304CD41462E55BB62,
					7C2C7757D6A5A0B6902A3E6C,
					39641C04194221598D45552C,
					C0DAA700EE672A2322228703,
					52C79CFD7B35C03D0671FDAF,
					13352D37A5151DD0CB9D4E25,
					61738A7E7EAA1DA542FE5774,
					51F8B0D0D51152AAE06DFA35,
					B6A59B96B355F8B1E7647271, ); name = "JUCE Library Code"; sourceTree = "<group>"; };
		1837C1EF2196AF790BD2127C = {isa = PBXGroup; children = (
					1FA85198C01453E184748142,
					4F57BBDA1FC18715D9E88B8D, ); name = Resources; sourceTree = "<group>"; };
		0B04A6EC1DEEAF1442795953 = {isa = PBXGroup; children = (
					82670BBB07FA92AD9CBC027A,
					0FD2591FA1D7A17A42E784A9,
					5639E82145038BA89B3EA24B,
					B04282B4B11698F54BC71857,
					E5850AECEFC5DD19725DDACB,
					C6C28CC0BE277319C3BBAB35,
					44639C2BD0C9D7547E9D8FD4,
					45B324698D3D1010C3CD2B4E,
					361941501B334144212DF36D,
					45DD2BC0F9A177F6327302B1,
					7A91F20C6CC053652A965C35,
					5122C334A0328F6DD461C3BF,
					99DB5C1D124B61A13977B68F, ); name = Frameworks; sourceTree = "<group>"; };
		0717228411AA54BE8E56E424 = {isa = PBXGroup; children = (
					9C1788BC819C5C59AF96C08A, ); name = Products; sourceTree = "<group>"; };
		937E1237A62C71268D866396 = {isa = PBXGroup; children = (
					706627EF2476109F1B3A4F29,
					3BD541BD938D0CFA918FD90D,
					AD15C4F87EBE01DEB291C01C,
					1837C1EF2196AF790BD2127C,
					0B04A6EC1DEEAF1442795953,
					0717228411AA54BE8E56E424, ); name = Source; sourceTree = "<group>"; };
		546623FC24BBE22FD3435F03 = {isa = XCBuildConfiguration; buildSettings = {
				CLANG_CXX_LANGUAGE_STANDARD = "c++14";
				CLANG_LINK_OBJC_RUNTIME = NO;
				COMBINE_HIDPI_IMAGES = YES;
				CONFIGURATION_BUILD_DIR = "$(PROJECT_DIR)/build/$(CONFIGURATION)";
				COPY_PHASE_STRIP = NO;
				GCC_DYNAMIC_NO_PIC = NO;
				GCC_OPTIMIZATION_LEVEL = 0;
				GCC_PREPROCESSOR_DEFINITIONS = (
					"_DEBUG=1",
					"DEBUG=1",
					"JUCER_XCODE_MAC_F6D2F4CF=1",
					"JUCE_APP_VERSION=1.0.0",
					"JUCE_APP_VERSION_HEX=0x10000",
					"JucePlugin_Build_VST=0",
					"JucePlugin_Build_VST3=0",
					"JucePlugin_Build_AU=0",
					"JucePlugin_Build_AUv3=0",
					"JucePlugin_Build_RTAS=0",
					"JucePlugin_Build_AAX=0",
					"JucePlugin_Build_Standalone=0", );
				GCC_VERSION = com.apple.compilers.llvm.clang.1_0;
				HEADER_SEARCH_PATHS = ("../../JuceLibraryCode", "../../../JUCE/modules", "$(inherited)");
				INFOPLIST_FILE = Info-App.plist;
				INFOPLIST_PREPROCESS = NO;
				INSTALL_PATH = "$(HOME)/Applications";
				MACOSX_DEPLOYMENT_TARGET = 10.11;
				MACOSX_DEPLOYMENT_TARGET_ppc = 10.4;
				PRODUCT_BUNDLE_IDENTIFIER = com.yourcompany.mapper;
				SDKROOT_ppc = macosx10.5;
				USE_HEADERMAP = NO; }; name = Debug; };
		F7C71D67CE57C367E5B39312 = {isa = XCBuildConfiguration; buildSettings = {
				CLANG_CXX_LANGUAGE_STANDARD = "c++14";
				CLANG_LINK_OBJC_RUNTIME = NO;
				COMBINE_HIDPI_IMAGES = YES;
				CONFIGURATION_BUILD_DIR = "$(PROJECT_DIR)/build/$(CONFIGURATION)";
				DEAD_CODE_STRIPPING = YES;
				GCC_GENERATE_DEBUGGING_SYMBOLS = NO;
				GCC_OPTIMIZATION_LEVEL = 3;
				GCC_PREPROCESSOR_DEFINITIONS = (
					"_NDEBUG=1",
					"NDEBUG=1",
					"JUCER_XCODE_MAC_F6D2F4CF=1",
					"JUCE_APP_VERSION=1.0.0",
					"JUCE_APP_VERSION_HEX=0x10000",
					"JucePlugin_Build_VST=0",
					"JucePlugin_Build_VST3=0",
					"JucePlugin_Build_AU=0",
					"JucePlugin_Build_AUv3=0",
					"JucePlugin_Build_RTAS=0",
					"JucePlugin_Build_AAX=0",
					"JucePlugin_Build_Standalone=0", );
				GCC_SYMBOLS_PRIVATE_EXTERN = YES;
				GCC_VERSION = com.apple.compilers.llvm.clang.1_0;
				HEADER_SEARCH_PATHS = ("../../JuceLibraryCode", "../../../JUCE/modules", "$(inherited)");
				INFOPLIST_FILE = Info-App.plist;
				INFOPLIST_PREPROCESS = NO;
				INSTALL_PATH = "$(HOME)/Applications";
				LLVM_LTO = YES;
				MACOSX_DEPLOYMENT_TARGET = 10.11;
				MACOSX_DEPLOYMENT_TARGET_ppc = 10.4;
				PRODUCT_BUNDLE_IDENTIFIER = com.yourcompany.mapper;
				SDKROOT_ppc = macosx10.5;
				USE_HEADERMAP = NO; }; name = Release; };
		C691E576F3279EEDEAA8F3F9 = {isa = XCBuildConfiguration; buildSettings = {
				ALWAYS_SEARCH_USER_PATHS = NO;
				CLANG_WARN_BLOCK_CAPTURE_AUTORELEASING = YES;
				CLANG_WARN_BOOL_CONVERSION = YES;
				CLANG_WARN_COMMA = YES;
				CLANG_WARN_CONSTANT_CONVERSION = YES;
				CLANG_WARN_EMPTY_BODY = YES;
				CLANG_WARN_ENUM_CONVERSION = YES;
				CLANG_WARN_INFINITE_RECURSION = YES;
				CLANG_WARN_INT_CONVERSION = YES;
				CLANG_WARN_NON_LITERAL_NULL_CONVERSION = YES;
				CLANG_WARN_OBJC_LITERAL_CONVERSION = YES;
				CLANG_WARN_RANGE_LOOP_ANALYSIS = YES;
				CLANG_WARN_STRICT_PROTOTYPES = YES;
				CLANG_WARN_SUSPICIOUS_MOVE = YES;
				CLANG_WARN_UNREACHABLE_CODE = YES;
				CLANG_WARN__DUPLICATE_METHOD_MATCH = YES;
				DEBUG_INFORMATION_FORMAT = "dwarf";
				ENABLE_STRICT_OBJC_MSGSEND = YES;
				ENABLE_TESTABILITY = YES;
				GCC_C_LANGUAGE_STANDARD = c11;
				GCC_INLINES_ARE_PRIVATE_EXTERN = YES;
				GCC_MODEL_TUNING = G5;
				GCC_NO_COMMON_BLOCKS = YES;
				GCC_WARN_64_TO_32_BIT_CONVERSION = YES;
				GCC_WARN_ABOUT_RETURN_TYPE = YES;
				GCC_WARN_CHECK_SWITCH_STATEMENTS = YES;
				GCC_WARN_MISSING_PARENTHESES = YES;
				GCC_WARN_NON_VIRTUAL_DESTRUCTOR = YES;
				GCC_WARN_TYPECHECK_CALLS_TO_PRINTF = YES;
				GCC_WARN_UNDECLARED_SELECTOR = YES;
				GCC_WARN_UNINITIALIZED_AUTOS = YES;
				GCC_WARN_UNUSED_FUNCTION = YES;
				GCC_WARN_UNUSED_VARIABLE = YES;
				ONLY_ACTIVE_ARCH = YES;
				PRODUCT_NAME = "mapper";
				WARNING_CFLAGS = -Wreorder;
				ZERO_LINK = NO; }; name = Debug; };
		FFD07E2377B0A18375A1A309 = {isa = XCBuildConfiguration; buildSettings = {
				ALWAYS_SEARCH_USER_PATHS = NO;
				CLANG_WARN_BLOCK_CAPTURE_AUTORELEASING = YES;
				CLANG_WARN_BOOL_CONVERSION = YES;
				CLANG_WARN_COMMA = YES;
				CLANG_WARN_CONSTANT_CONVERSION = YES;
				CLANG_WARN_EMPTY_BODY = YES;
				CLANG_WARN_ENUM_CONVERSION = YES;
				CLANG_WARN_INFINITE_RECURSION = YES;
				CLANG_WARN_INT_CONVERSION = YES;
				CLANG_WARN_NON_LITERAL_NULL_CONVERSION = YES;
				CLANG_WARN_OBJC_LITERAL_CONVERSION = YES;
				CLANG_WARN_RANGE_LOOP_ANALYSIS = YES;
				CLANG_WARN_STRICT_PROTOTYPES = YES;
				CLANG_WARN_SUSPICIOUS_MOVE = YES;
				CLANG_WARN_UNREACHABLE_CODE = YES;
				CLANG_WARN__DUPLICATE_METHOD_MATCH = YES;
				DEBUG_INFORMATION_FORMAT = "dwarf";
				ENABLE_STRICT_OBJC_MSGSEND = YES;
				GCC_C_LANGUAGE_STANDARD = c11;
				GCC_INLINES_ARE_PRIVATE_EXTERN = YES;
				GCC_MODEL_TUNING = G5;
				GCC_NO_COMMON_BLOCKS = YES;
				GCC_WARN_64_TO_32_BIT_CONVERSION = YES;
				GCC_WARN_ABOUT_RETURN_TYPE = YES;
				GCC_WARN_CHECK_SWITCH_STATEMENTS = YES;
				GCC_WARN_MISSING_PARENTHESES = YES;
				GCC_WARN_NON_VIRTUAL_DESTRUCTOR = YES;
				GCC_WARN_TYPECHECK_CALLS_TO_PRINTF = YES;
				GCC_WARN_UNDECLARED_SELECTOR = YES;
				GCC_WARN_UNINITIALIZED_AUTOS = YES;
				GCC_WARN_UNUSED_FUNCTION = YES;
				GCC_WARN_UNUSED_VARIABLE = YES;
				PRODUCT_NAME = "mapper";
				WARNING_CFLAGS = -Wreorder;
				ZERO_LINK = NO; }; name = Release; };
		8A5C0E9276E9B6C72CA447AB = {isa = PBXTargetDependency; target = 0AD4E944A1B717CF6556325A; };
		48FA6AFC942901B9D7407C67 = {isa = XCConfigurationList; buildConfigurations = (
					C691E576F3279EEDEAA8F3F9,
					FFD07E2377B0A18375A1A309, ); defaultConfigurationIsVisible = 0; defaultConfigurationName = Debug; };
		B3B3C9C4760824594E434D14 = {isa = XCConfigurationList; buildConfigurations = (
					546623FC24BBE22FD3435F03,
					F7C71D67CE57C367E5B39312, ); defaultConfigurationIsVisible = 0; defaultConfigurationName = Debug; };
		532729A6959D9F75D6BFEBBA = {isa = PBXResourcesBuildPhase; buildActionMask = 2147483647; files = (
					C0681C18D7ABCC2A7E350211, ); runOnlyForDeploymentPostprocessing = 0; };
		963E92F3BECA9396628A324E = {isa = PBXSourcesBuildPhase; buildActionMask = 2147483647; files = (
					F75B7FF25F63024684AD7062,
					05C5F688398487A71151E0BB,
					7718CCA018426B26CB6FBBDF,
					F8B6CD41E33B8179E21E8E15,
					4AC0DEE1DCA58C1103FB0817,
					74E7E2D010B520FBFABDF9FC,
					7FCD845899C7D7350ABCC26A,
					AE7C006100E683336D4797AA,
					9E2504CED6C022B17E378721,
					8B6DFA3D523612E8C1FA0FE5,
					FD7B8A602D1A13C651C7F1AF,
					E6946A04F40022247B8E5195,
					6BACB13EB99AAE64F4C1F1C4,
					D4659DBAF7DFD2BBA2ACC7BA,
					AD7774DB300F5C8457331EF9,
					348775539F10EC3988B80C01,
					B41AB66394EEA54269DE87FB,
					B53E51F438171E545B448A69, ); runOnlyForDeploymentPostprocessing = 0; };
		B3A5D86CECD1104E24735C59 = {isa = PBXFrameworksBuildPhase; buildActionMask = 2147483647; files = (
					29B16B0E8166AF43B22EBC54,
					5F6B541E4DE23B08A9BDCD2E,
					3F88B2C363C5D2854B10E534,
					DBDCC2323385C068D0C79D30,
					0AB1D6D6E9163F0E2A7B8DCE,
					EC48ED4B7DA96A12751B7497,
					AE6ABB382E3997386CA4D143,
					A9DDB059865E17012435D42E,
					FC027980E7AFBB8EB3096300,
					A1062B19ECC5A6F644AB2881,
					DA4D685FA96B9937C095BBCA,
					0521328C8214CE9F021FCB09,
					173E8E8850D983A0FFF694A7, ); runOnlyForDeploymentPostprocessing = 0; };
		0AD4E944A1B717CF6556325A = {isa = PBXNativeTarget; buildConfigurationList = B3B3C9C4760824594E434D14; buildPhases = (
					532729A6959D9F75D6BFEBBA,
					963E92F3BECA9396628A324E,
					B3A5D86CECD1104E24735C59, ); buildRules = ( ); dependencies = (  ); name = "mapper - App"; productName = mapper; productReference = 9C1788BC819C5C59AF96C08A; productType = "com.apple.product-type.application"; };
		16DCA92C93DF528265F4D25E = {isa = PBXProject; buildConfigurationList = 48FA6AFC942901B9D7407C67; attributes = { LastUpgradeCheck = 0830; ORGANIZATIONNAME = ""; TargetAttributes = { 0AD4E944A1B717CF6556325A = { SystemCapabilities = {com.apple.ApplicationGroups.iOS = { enabled = 0; }; com.apple.InAppPurchase = { enabled = 0; }; com.apple.InterAppAudio = { enabled = 0; }; com.apple.Push = { enabled = 0; }; com.apple.Sandbox = { enabled = 0; }; }; }; }; }; compatibilityVersion = "Xcode 3.2"; hasScannedForEncodings = 0; mainGroup = 937E1237A62C71268D866396; projectDirPath = ""; projectRoot = ""; targets = (0AD4E944A1B717CF6556325A); };
	};
	rootObject = 16DCA92C93DF528265F4D25E;
}
